
Microsoft Visual Studio Solution File, Format Version 12.00
# Visual Studio Version 17
VisualStudioVersion = 17.3.32825.248
MinimumVisualStudioVersion = 10.0.40219.1
Project("{FAE04EC0-301F-11D3-BF4B-00C04F79EFBC}") = "1302", "1302.csproj", "{4AFCF705-29D6-4B1C-BEDF-16882F79D7BF}"
EndProject
Global
	GlobalSection(SolutionConfigurationPlatforms) = preSolution
		Debug|Any CPU = Debug|Any CPU
		Release|Any CPU = Release|Any CPU
	EndGlobalSection
	GlobalSection(ProjectConfigurationPlatforms) = postSolution
		{4AFCF705-29D6-4B1C-BEDF-16882F79D7BF}.Debug|Any CPU.ActiveCfg = Debug|Any CPU
		{4AFCF705-29D6-4B1C-BEDF-16882F79D7BF}.Debug|Any CPU.Build.0 = Debug|Any CPU
		{4AFCF705-29D6-4B1C-BEDF-16882F79D7BF}.Release|Any CPU.ActiveCfg = Release|Any CPU
		{4AFCF705-29D6-4B1C-BEDF-16882F79D7BF}.Release|Any CPU.Build.0 = Release|Any CPU
	EndGlobalSection
	GlobalSection(SolutionProperties) = preSolution
		HideSolutionNode = FALSE
	EndGlobalSection
	GlobalSection(ExtensibilityGlobals) = postSolution
		SolutionGuid = {2D785B0C-97A1-40B6-8B05-E51C1B18AFFC}
	EndGlobalSection
EndGlobal
